
Microsoft Visual Studio Solution File, Format Version 12.00
Project("{FAE04EC0-301F-11D3-BF4B-00C04F79EFBC}") = "REST_API", "REST_API\REST_API.csproj", "{C5F9EB6D-9A96-4AFD-BC99-E50C966D5627}"
EndProject
Global
	GlobalSection(SolutionConfigurationPlatforms) = preSolution
		Debug|Any CPU = Debug|Any CPU
		Release|Any CPU = Release|Any CPU
	EndGlobalSection
	GlobalSection(ProjectConfigurationPlatforms) = postSolution
		{C5F9EB6D-9A96-4AFD-BC99-E50C966D5627}.Debug|Any CPU.ActiveCfg = Debug|Any CPU
		{C5F9EB6D-9A96-4AFD-BC99-E50C966D5627}.Debug|Any CPU.Build.0 = Debug|Any CPU
		{C5F9EB6D-9A96-4AFD-BC99-E50C966D5627}.Release|Any CPU.ActiveCfg = Release|Any CPU
		{C5F9EB6D-9A96-4AFD-BC99-E50C966D5627}.Release|Any CPU.Build.0 = Release|Any CPU
	EndGlobalSection
EndGlobal
